
Microsoft Visual Studio Solution File, Format Version 12.00
# Visual Studio Version 17
VisualStudioVersion = 17.12.35707.178 d17.12
MinimumVisualStudioVersion = 10.0.40219.1
Project("{FAE04EC0-301F-11D3-BF4B-00C04F79EFBC}") = "WpfDemoApp", "WpfDemoApp.csproj", "{84BBEB18-D162-49A5-9AF7-65D0D10A19AE}"
EndProject
Project("{FAE04EC0-301F-11D3-BF4B-00C04F79EFBC}") = "WpfDemoApp.Test", "..\WpfDemoApp.Test\WpfDemoApp.Test.csproj", "{D8A17886-7892-4E5D-86D5-B8CDDCF47E78}"
EndProject
Global
	GlobalSection(SolutionConfigurationPlatforms) = preSolution
		Debug|Any CPU = Debug|Any CPU
		Release|Any CPU = Release|Any CPU
	EndGlobalSection
	GlobalSection(ProjectConfigurationPlatforms) = postSolution
		{84BBEB18-D162-49A5-9AF7-65D0D10A19AE}.Debug|Any CPU.ActiveCfg = Debug|Any CPU
		{84BBEB18-D162-49A5-9AF7-65D0D10A19AE}.Debug|Any CPU.Build.0 = Debug|Any CPU
		{84BBEB18-D162-49A5-9AF7-65D0D10A19AE}.Release|Any CPU.ActiveCfg = Release|Any CPU
		{84BBEB18-D162-49A5-9AF7-65D0D10A19AE}.Release|Any CPU.Build.0 = Release|Any CPU
		{D8A17886-7892-4E5D-86D5-B8CDDCF47E78}.Debug|Any CPU.ActiveCfg = Debug|Any CPU
		{D8A17886-7892-4E5D-86D5-B8CDDCF47E78}.Debug|Any CPU.Build.0 = Debug|Any CPU
		{D8A17886-7892-4E5D-86D5-B8CDDCF47E78}.Release|Any CPU.ActiveCfg = Release|Any CPU
		{D8A17886-7892-4E5D-86D5-B8CDDCF47E78}.Release|Any CPU.Build.0 = Release|Any CPU
	EndGlobalSection
	GlobalSection(SolutionProperties) = preSolution
		HideSolutionNode = FALSE
	EndGlobalSection
EndGlobal
